
Microsoft Visual Studio Solution File, Format Version 12.00
# Visual Studio Version 17
VisualStudioVersion = 17.2.32317.152
MinimumVisualStudioVersion = 10.0.40219.1
Project("{FAE04EC0-301F-11D3-BF4B-00C04F79EFBC}") = "Group2_CompRepair", "Group2_CompRepair\Group2_CompRepair.csproj", "{1BB68E1B-8381-440A-A868-D5768D584278}"
EndProject
Global
	GlobalSection(SolutionConfigurationPlatforms) = preSolution
		Debug|Any CPU = Debug|Any CPU
		Release|Any CPU = Release|Any CPU
	EndGlobalSection
	GlobalSection(ProjectConfigurationPlatforms) = postSolution
		{1BB68E1B-8381-440A-A868-D5768D584278}.Debug|Any CPU.ActiveCfg = Debug|Any CPU
		{1BB68E1B-8381-440A-A868-D5768D584278}.Debug|Any CPU.Build.0 = Debug|Any CPU
		{1BB68E1B-8381-440A-A868-D5768D584278}.Release|Any CPU.ActiveCfg = Release|Any CPU
		{1BB68E1B-8381-440A-A868-D5768D584278}.Release|Any CPU.Build.0 = Release|Any CPU
	EndGlobalSection
	GlobalSection(SolutionProperties) = preSolution
		HideSolutionNode = FALSE
	EndGlobalSection
	GlobalSection(ExtensibilityGlobals) = postSolution
		SolutionGuid = {8361F52B-BE3D-489A-B04D-2A6C55CE6288}
	EndGlobalSection
EndGlobal
